title: Simple keyword detection rule for SharpBlock
id: e5637b66-2915-410d-b5ab-bc9990342184
status: experimental
description: Detects interesting keywords based on SharpBlock tool
references:
- https://github.com/CCob/SharpBlock
author: '@mthcht'
date: 2023/07/30
modified: 2023/10/04
tags:
- attack.T1055.001
- attack.T1070.004
- attack.T1562.001
- attack.TA0002
- attack.TA0005
logsource:
  category:
  - endpoint
  - network
detection:
  selection:
  - ParentCommandLine:
    - '* --disable-bypass-amsi*'
    - '*SharpBlock.csproj*'
    - '* -d *Active Protection DLL for SylantStrike*'
    - '*execute-assembly SharpBlock*'
    - '*\\.\pipe\mimi*'
    - '*SharpBlock.exe*'
    - '*SharpBlock -*'
    - '* --disable-bypass-cmdline*'
    - '*/SharpSploit/*'
    - '*SharpBlock.sln*'
    - '* --disable-bypass-etw*'
  - CommandLine:
    - '* --disable-bypass-amsi*'
    - '*SharpBlock.csproj*'
    - '* -d *Active Protection DLL for SylantStrike*'
    - '*execute-assembly SharpBlock*'
    - '*\\.\pipe\mimi*'
    - '*SharpBlock.exe*'
    - '*SharpBlock -*'
    - '* --disable-bypass-cmdline*'
    - '*/SharpSploit/*'
    - '*SharpBlock.sln*'
    - '* --disable-bypass-etw*'
  - Details:
    - '* --disable-bypass-amsi*'
    - '*SharpBlock.csproj*'
    - '* -d *Active Protection DLL for SylantStrike*'
    - '*execute-assembly SharpBlock*'
    - '*\\.\pipe\mimi*'
    - '*SharpBlock.exe*'
    - '*SharpBlock -*'
    - '* --disable-bypass-cmdline*'
    - '*/SharpSploit/*'
    - '*SharpBlock.sln*'
    - '* --disable-bypass-etw*'
  - registry.value:
    - '* --disable-bypass-amsi*'
    - '*SharpBlock.csproj*'
    - '* -d *Active Protection DLL for SylantStrike*'
    - '*execute-assembly SharpBlock*'
    - '*\\.\pipe\mimi*'
    - '*SharpBlock.exe*'
    - '*SharpBlock -*'
    - '* --disable-bypass-cmdline*'
    - '*/SharpSploit/*'
    - '*SharpBlock.sln*'
    - '* --disable-bypass-etw*'
  - process.args:
    - '* --disable-bypass-amsi*'
    - '*SharpBlock.csproj*'
    - '* -d *Active Protection DLL for SylantStrike*'
    - '*execute-assembly SharpBlock*'
    - '*\\.\pipe\mimi*'
    - '*SharpBlock.exe*'
    - '*SharpBlock -*'
    - '* --disable-bypass-cmdline*'
    - '*/SharpSploit/*'
    - '*SharpBlock.sln*'
    - '* --disable-bypass-etw*'
  - process.command_line:
    - '* --disable-bypass-amsi*'
    - '*SharpBlock.csproj*'
    - '* -d *Active Protection DLL for SylantStrike*'
    - '*execute-assembly SharpBlock*'
    - '*\\.\pipe\mimi*'
    - '*SharpBlock.exe*'
    - '*SharpBlock -*'
    - '* --disable-bypass-cmdline*'
    - '*/SharpSploit/*'
    - '*SharpBlock.sln*'
    - '* --disable-bypass-etw*'
  - process.env_vars:
    - '* --disable-bypass-amsi*'
    - '*SharpBlock.csproj*'
    - '* -d *Active Protection DLL for SylantStrike*'
    - '*execute-assembly SharpBlock*'
    - '*\\.\pipe\mimi*'
    - '*SharpBlock.exe*'
    - '*SharpBlock -*'
    - '* --disable-bypass-cmdline*'
    - '*/SharpSploit/*'
    - '*SharpBlock.sln*'
    - '* --disable-bypass-etw*'
  - process.io.text:
    - '* --disable-bypass-amsi*'
    - '*SharpBlock.csproj*'
    - '* -d *Active Protection DLL for SylantStrike*'
    - '*execute-assembly SharpBlock*'
    - '*\\.\pipe\mimi*'
    - '*SharpBlock.exe*'
    - '*SharpBlock -*'
    - '* --disable-bypass-cmdline*'
    - '*/SharpSploit/*'
    - '*SharpBlock.sln*'
    - '* --disable-bypass-etw*'
  - process.title:
    - '* --disable-bypass-amsi*'
    - '*SharpBlock.csproj*'
    - '* -d *Active Protection DLL for SylantStrike*'
    - '*execute-assembly SharpBlock*'
    - '*\\.\pipe\mimi*'
    - '*SharpBlock.exe*'
    - '*SharpBlock -*'
    - '* --disable-bypass-cmdline*'
    - '*/SharpSploit/*'
    - '*SharpBlock.sln*'
    - '* --disable-bypass-etw*'
  - pe.company:
    - '* --disable-bypass-amsi*'
    - '*SharpBlock.csproj*'
    - '* -d *Active Protection DLL for SylantStrike*'
    - '*execute-assembly SharpBlock*'
    - '*\\.\pipe\mimi*'
    - '*SharpBlock.exe*'
    - '*SharpBlock -*'
    - '* --disable-bypass-cmdline*'
    - '*/SharpSploit/*'
    - '*SharpBlock.sln*'
    - '* --disable-bypass-etw*'
  - pe.description:
    - '* --disable-bypass-amsi*'
    - '*SharpBlock.csproj*'
    - '* -d *Active Protection DLL for SylantStrike*'
    - '*execute-assembly SharpBlock*'
    - '*\\.\pipe\mimi*'
    - '*SharpBlock.exe*'
    - '*SharpBlock -*'
    - '* --disable-bypass-cmdline*'
    - '*/SharpSploit/*'
    - '*SharpBlock.sln*'
    - '* --disable-bypass-etw*'
  - pe.product:
    - '* --disable-bypass-amsi*'
    - '*SharpBlock.csproj*'
    - '* -d *Active Protection DLL for SylantStrike*'
    - '*execute-assembly SharpBlock*'
    - '*\\.\pipe\mimi*'
    - '*SharpBlock.exe*'
    - '*SharpBlock -*'
    - '* --disable-bypass-cmdline*'
    - '*/SharpSploit/*'
    - '*SharpBlock.sln*'
    - '* --disable-bypass-etw*'
  - os.full:
    - '* --disable-bypass-amsi*'
    - '*SharpBlock.csproj*'
    - '* -d *Active Protection DLL for SylantStrike*'
    - '*execute-assembly SharpBlock*'
    - '*\\.\pipe\mimi*'
    - '*SharpBlock.exe*'
    - '*SharpBlock -*'
    - '* --disable-bypass-cmdline*'
    - '*/SharpSploit/*'
    - '*SharpBlock.sln*'
    - '* --disable-bypass-etw*'
  - host.hostname:
    - '* --disable-bypass-amsi*'
    - '*SharpBlock.csproj*'
    - '* -d *Active Protection DLL for SylantStrike*'
    - '*execute-assembly SharpBlock*'
    - '*\\.\pipe\mimi*'
    - '*SharpBlock.exe*'
    - '*SharpBlock -*'
    - '* --disable-bypass-cmdline*'
    - '*/SharpSploit/*'
    - '*SharpBlock.sln*'
    - '* --disable-bypass-etw*'
  - event.original:
    - '* --disable-bypass-amsi*'
    - '*SharpBlock.csproj*'
    - '* -d *Active Protection DLL for SylantStrike*'
    - '*execute-assembly SharpBlock*'
    - '*\\.\pipe\mimi*'
    - '*SharpBlock.exe*'
    - '*SharpBlock -*'
    - '* --disable-bypass-cmdline*'
    - '*/SharpSploit/*'
    - '*SharpBlock.sln*'
    - '* --disable-bypass-etw*'
  - email.subject:
    - '* --disable-bypass-amsi*'
    - '*SharpBlock.csproj*'
    - '* -d *Active Protection DLL for SylantStrike*'
    - '*execute-assembly SharpBlock*'
    - '*\\.\pipe\mimi*'
    - '*SharpBlock.exe*'
    - '*SharpBlock -*'
    - '* --disable-bypass-cmdline*'
    - '*/SharpSploit/*'
    - '*SharpBlock.sln*'
    - '* --disable-bypass-etw*'
  - device.model.name:
    - '* --disable-bypass-amsi*'
    - '*SharpBlock.csproj*'
    - '* -d *Active Protection DLL for SylantStrike*'
    - '*execute-assembly SharpBlock*'
    - '*\\.\pipe\mimi*'
    - '*SharpBlock.exe*'
    - '*SharpBlock -*'
    - '* --disable-bypass-cmdline*'
    - '*/SharpSploit/*'
    - '*SharpBlock.sln*'
    - '* --disable-bypass-etw*'
  - container.image.name:
    - '* --disable-bypass-amsi*'
    - '*SharpBlock.csproj*'
    - '* -d *Active Protection DLL for SylantStrike*'
    - '*execute-assembly SharpBlock*'
    - '*\\.\pipe\mimi*'
    - '*SharpBlock.exe*'
    - '*SharpBlock -*'
    - '* --disable-bypass-cmdline*'
    - '*/SharpSploit/*'
    - '*SharpBlock.sln*'
    - '* --disable-bypass-etw*'
  - container.name:
    - '* --disable-bypass-amsi*'
    - '*SharpBlock.csproj*'
    - '* -d *Active Protection DLL for SylantStrike*'
    - '*execute-assembly SharpBlock*'
    - '*\\.\pipe\mimi*'
    - '*SharpBlock.exe*'
    - '*SharpBlock -*'
    - '* --disable-bypass-cmdline*'
    - '*/SharpSploit/*'
    - '*SharpBlock.sln*'
    - '* --disable-bypass-etw*'
  - Image:
    - '* --disable-bypass-amsi*'
    - '*SharpBlock.csproj*'
    - '* -d *Active Protection DLL for SylantStrike*'
    - '*execute-assembly SharpBlock*'
    - '*\\.\pipe\mimi*'
    - '*SharpBlock.exe*'
    - '*SharpBlock -*'
    - '* --disable-bypass-cmdline*'
    - '*/SharpSploit/*'
    - '*SharpBlock.sln*'
    - '* --disable-bypass-etw*'
  - OriginalFileName:
    - '* --disable-bypass-amsi*'
    - '*SharpBlock.csproj*'
    - '* -d *Active Protection DLL for SylantStrike*'
    - '*execute-assembly SharpBlock*'
    - '*\\.\pipe\mimi*'
    - '*SharpBlock.exe*'
    - '*SharpBlock -*'
    - '* --disable-bypass-cmdline*'
    - '*/SharpSploit/*'
    - '*SharpBlock.sln*'
    - '* --disable-bypass-etw*'
  - CurrentDirectory:
    - '* --disable-bypass-amsi*'
    - '*SharpBlock.csproj*'
    - '* -d *Active Protection DLL for SylantStrike*'
    - '*execute-assembly SharpBlock*'
    - '*\\.\pipe\mimi*'
    - '*SharpBlock.exe*'
    - '*SharpBlock -*'
    - '* --disable-bypass-cmdline*'
    - '*/SharpSploit/*'
    - '*SharpBlock.sln*'
    - '* --disable-bypass-etw*'
  - ParentImage:
    - '* --disable-bypass-amsi*'
    - '*SharpBlock.csproj*'
    - '* -d *Active Protection DLL for SylantStrike*'
    - '*execute-assembly SharpBlock*'
    - '*\\.\pipe\mimi*'
    - '*SharpBlock.exe*'
    - '*SharpBlock -*'
    - '* --disable-bypass-cmdline*'
    - '*/SharpSploit/*'
    - '*SharpBlock.sln*'
    - '* --disable-bypass-etw*'
  - ParentCommandLine:
    - '* --disable-bypass-amsi*'
    - '*SharpBlock.csproj*'
    - '* -d *Active Protection DLL for SylantStrike*'
    - '*execute-assembly SharpBlock*'
    - '*\\.\pipe\mimi*'
    - '*SharpBlock.exe*'
    - '*SharpBlock -*'
    - '* --disable-bypass-cmdline*'
    - '*/SharpSploit/*'
    - '*SharpBlock.sln*'
    - '* --disable-bypass-etw*'
  - TargetFilename:
    - '* --disable-bypass-amsi*'
    - '*SharpBlock.csproj*'
    - '* -d *Active Protection DLL for SylantStrike*'
    - '*execute-assembly SharpBlock*'
    - '*\\.\pipe\mimi*'
    - '*SharpBlock.exe*'
    - '*SharpBlock -*'
    - '* --disable-bypass-cmdline*'
    - '*/SharpSploit/*'
    - '*SharpBlock.sln*'
    - '* --disable-bypass-etw*'
  - Signature:
    - '* --disable-bypass-amsi*'
    - '*SharpBlock.csproj*'
    - '* -d *Active Protection DLL for SylantStrike*'
    - '*execute-assembly SharpBlock*'
    - '*\\.\pipe\mimi*'
    - '*SharpBlock.exe*'
    - '*SharpBlock -*'
    - '* --disable-bypass-cmdline*'
    - '*/SharpSploit/*'
    - '*SharpBlock.sln*'
    - '* --disable-bypass-etw*'
  - signature:
    - '* --disable-bypass-amsi*'
    - '*SharpBlock.csproj*'
    - '* -d *Active Protection DLL for SylantStrike*'
    - '*execute-assembly SharpBlock*'
    - '*\\.\pipe\mimi*'
    - '*SharpBlock.exe*'
    - '*SharpBlock -*'
    - '* --disable-bypass-cmdline*'
    - '*/SharpSploit/*'
    - '*SharpBlock.sln*'
    - '* --disable-bypass-etw*'
  - ImageLoaded:
    - '* --disable-bypass-amsi*'
    - '*SharpBlock.csproj*'
    - '* -d *Active Protection DLL for SylantStrike*'
    - '*execute-assembly SharpBlock*'
    - '*\\.\pipe\mimi*'
    - '*SharpBlock.exe*'
    - '*SharpBlock -*'
    - '* --disable-bypass-cmdline*'
    - '*/SharpSploit/*'
    - '*SharpBlock.sln*'
    - '* --disable-bypass-etw*'
  - Company:
    - '* --disable-bypass-amsi*'
    - '*SharpBlock.csproj*'
    - '* -d *Active Protection DLL for SylantStrike*'
    - '*execute-assembly SharpBlock*'
    - '*\\.\pipe\mimi*'
    - '*SharpBlock.exe*'
    - '*SharpBlock -*'
    - '* --disable-bypass-cmdline*'
    - '*/SharpSploit/*'
    - '*SharpBlock.sln*'
    - '* --disable-bypass-etw*'
  - Description:
    - '* --disable-bypass-amsi*'
    - '*SharpBlock.csproj*'
    - '* -d *Active Protection DLL for SylantStrike*'
    - '*execute-assembly SharpBlock*'
    - '*\\.\pipe\mimi*'
    - '*SharpBlock.exe*'
    - '*SharpBlock -*'
    - '* --disable-bypass-cmdline*'
    - '*/SharpSploit/*'
    - '*SharpBlock.sln*'
    - '* --disable-bypass-etw*'
  - description:
    - '* --disable-bypass-amsi*'
    - '*SharpBlock.csproj*'
    - '* -d *Active Protection DLL for SylantStrike*'
    - '*execute-assembly SharpBlock*'
    - '*\\.\pipe\mimi*'
    - '*SharpBlock.exe*'
    - '*SharpBlock -*'
    - '* --disable-bypass-cmdline*'
    - '*/SharpSploit/*'
    - '*SharpBlock.sln*'
    - '* --disable-bypass-etw*'
  - CommandLine:
    - '* --disable-bypass-amsi*'
    - '*SharpBlock.csproj*'
    - '* -d *Active Protection DLL for SylantStrike*'
    - '*execute-assembly SharpBlock*'
    - '*\\.\pipe\mimi*'
    - '*SharpBlock.exe*'
    - '*SharpBlock -*'
    - '* --disable-bypass-cmdline*'
    - '*/SharpSploit/*'
    - '*SharpBlock.sln*'
    - '* --disable-bypass-etw*'
  - SourceImage:
    - '* --disable-bypass-amsi*'
    - '*SharpBlock.csproj*'
    - '* -d *Active Protection DLL for SylantStrike*'
    - '*execute-assembly SharpBlock*'
    - '*\\.\pipe\mimi*'
    - '*SharpBlock.exe*'
    - '*SharpBlock -*'
    - '* --disable-bypass-cmdline*'
    - '*/SharpSploit/*'
    - '*SharpBlock.sln*'
    - '* --disable-bypass-etw*'
  - TargetImage:
    - '* --disable-bypass-amsi*'
    - '*SharpBlock.csproj*'
    - '* -d *Active Protection DLL for SylantStrike*'
    - '*execute-assembly SharpBlock*'
    - '*\\.\pipe\mimi*'
    - '*SharpBlock.exe*'
    - '*SharpBlock -*'
    - '* --disable-bypass-cmdline*'
    - '*/SharpSploit/*'
    - '*SharpBlock.sln*'
    - '* --disable-bypass-etw*'
  - CallTrace:
    - '* --disable-bypass-amsi*'
    - '*SharpBlock.csproj*'
    - '* -d *Active Protection DLL for SylantStrike*'
    - '*execute-assembly SharpBlock*'
    - '*\\.\pipe\mimi*'
    - '*SharpBlock.exe*'
    - '*SharpBlock -*'
    - '* --disable-bypass-cmdline*'
    - '*/SharpSploit/*'
    - '*SharpBlock.sln*'
    - '* --disable-bypass-etw*'
  - TargetObject:
    - '* --disable-bypass-amsi*'
    - '*SharpBlock.csproj*'
    - '* -d *Active Protection DLL for SylantStrike*'
    - '*execute-assembly SharpBlock*'
    - '*\\.\pipe\mimi*'
    - '*SharpBlock.exe*'
    - '*SharpBlock -*'
    - '* --disable-bypass-cmdline*'
    - '*/SharpSploit/*'
    - '*SharpBlock.sln*'
    - '* --disable-bypass-etw*'
  - Details:
    - '* --disable-bypass-amsi*'
    - '*SharpBlock.csproj*'
    - '* -d *Active Protection DLL for SylantStrike*'
    - '*execute-assembly SharpBlock*'
    - '*\\.\pipe\mimi*'
    - '*SharpBlock.exe*'
    - '*SharpBlock -*'
    - '* --disable-bypass-cmdline*'
    - '*/SharpSploit/*'
    - '*SharpBlock.sln*'
    - '* --disable-bypass-etw*'
  - PipeName:
    - '* --disable-bypass-amsi*'
    - '*SharpBlock.csproj*'
    - '* -d *Active Protection DLL for SylantStrike*'
    - '*execute-assembly SharpBlock*'
    - '*\\.\pipe\mimi*'
    - '*SharpBlock.exe*'
    - '*SharpBlock -*'
    - '* --disable-bypass-cmdline*'
    - '*/SharpSploit/*'
    - '*SharpBlock.sln*'
    - '* --disable-bypass-etw*'
  - Consumer:
    - '* --disable-bypass-amsi*'
    - '*SharpBlock.csproj*'
    - '* -d *Active Protection DLL for SylantStrike*'
    - '*execute-assembly SharpBlock*'
    - '*\\.\pipe\mimi*'
    - '*SharpBlock.exe*'
    - '*SharpBlock -*'
    - '* --disable-bypass-cmdline*'
    - '*/SharpSploit/*'
    - '*SharpBlock.sln*'
    - '* --disable-bypass-etw*'
  - Destination:
    - '* --disable-bypass-amsi*'
    - '*SharpBlock.csproj*'
    - '* -d *Active Protection DLL for SylantStrike*'
    - '*execute-assembly SharpBlock*'
    - '*\\.\pipe\mimi*'
    - '*SharpBlock.exe*'
    - '*SharpBlock -*'
    - '* --disable-bypass-cmdline*'
    - '*/SharpSploit/*'
    - '*SharpBlock.sln*'
    - '* --disable-bypass-etw*'
  - Name:
    - '* --disable-bypass-amsi*'
    - '*SharpBlock.csproj*'
    - '* -d *Active Protection DLL for SylantStrike*'
    - '*execute-assembly SharpBlock*'
    - '*\\.\pipe\mimi*'
    - '*SharpBlock.exe*'
    - '*SharpBlock -*'
    - '* --disable-bypass-cmdline*'
    - '*/SharpSploit/*'
    - '*SharpBlock.sln*'
    - '* --disable-bypass-etw*'
  - Query:
    - '* --disable-bypass-amsi*'
    - '*SharpBlock.csproj*'
    - '* -d *Active Protection DLL for SylantStrike*'
    - '*execute-assembly SharpBlock*'
    - '*\\.\pipe\mimi*'
    - '*SharpBlock.exe*'
    - '*SharpBlock -*'
    - '* --disable-bypass-cmdline*'
    - '*/SharpSploit/*'
    - '*SharpBlock.sln*'
    - '* --disable-bypass-etw*'
  - NewName:
    - '* --disable-bypass-amsi*'
    - '*SharpBlock.csproj*'
    - '* -d *Active Protection DLL for SylantStrike*'
    - '*execute-assembly SharpBlock*'
    - '*\\.\pipe\mimi*'
    - '*SharpBlock.exe*'
    - '*SharpBlock -*'
    - '* --disable-bypass-cmdline*'
    - '*/SharpSploit/*'
    - '*SharpBlock.sln*'
    - '* --disable-bypass-etw*'
  - StartAddress:
    - '* --disable-bypass-amsi*'
    - '*SharpBlock.csproj*'
    - '* -d *Active Protection DLL for SylantStrike*'
    - '*execute-assembly SharpBlock*'
    - '*\\.\pipe\mimi*'
    - '*SharpBlock.exe*'
    - '*SharpBlock -*'
    - '* --disable-bypass-cmdline*'
    - '*/SharpSploit/*'
    - '*SharpBlock.sln*'
    - '* --disable-bypass-etw*'
  - StartModule:
    - '* --disable-bypass-amsi*'
    - '*SharpBlock.csproj*'
    - '* -d *Active Protection DLL for SylantStrike*'
    - '*execute-assembly SharpBlock*'
    - '*\\.\pipe\mimi*'
    - '*SharpBlock.exe*'
    - '*SharpBlock -*'
    - '* --disable-bypass-cmdline*'
    - '*/SharpSploit/*'
    - '*SharpBlock.sln*'
    - '* --disable-bypass-etw*'
  - StartFunction:
    - '* --disable-bypass-amsi*'
    - '*SharpBlock.csproj*'
    - '* -d *Active Protection DLL for SylantStrike*'
    - '*execute-assembly SharpBlock*'
    - '*\\.\pipe\mimi*'
    - '*SharpBlock.exe*'
    - '*SharpBlock -*'
    - '* --disable-bypass-cmdline*'
    - '*/SharpSploit/*'
    - '*SharpBlock.sln*'
    - '* --disable-bypass-etw*'
  - SourceHostname:
    - '* --disable-bypass-amsi*'
    - '*SharpBlock.csproj*'
    - '* -d *Active Protection DLL for SylantStrike*'
    - '*execute-assembly SharpBlock*'
    - '*\\.\pipe\mimi*'
    - '*SharpBlock.exe*'
    - '*SharpBlock -*'
    - '* --disable-bypass-cmdline*'
    - '*/SharpSploit/*'
    - '*SharpBlock.sln*'
    - '* --disable-bypass-etw*'
  - Device:
    - '* --disable-bypass-amsi*'
    - '*SharpBlock.csproj*'
    - '* -d *Active Protection DLL for SylantStrike*'
    - '*execute-assembly SharpBlock*'
    - '*\\.\pipe\mimi*'
    - '*SharpBlock.exe*'
    - '*SharpBlock -*'
    - '* --disable-bypass-cmdline*'
    - '*/SharpSploit/*'
    - '*SharpBlock.sln*'
    - '* --disable-bypass-etw*'
  - file_name:
    - '* --disable-bypass-amsi*'
    - '*SharpBlock.csproj*'
    - '* -d *Active Protection DLL for SylantStrike*'
    - '*execute-assembly SharpBlock*'
    - '*\\.\pipe\mimi*'
    - '*SharpBlock.exe*'
    - '*SharpBlock -*'
    - '* --disable-bypass-cmdline*'
    - '*/SharpSploit/*'
    - '*SharpBlock.sln*'
    - '* --disable-bypass-etw*'
  - file_path:
    - '* --disable-bypass-amsi*'
    - '*SharpBlock.csproj*'
    - '* -d *Active Protection DLL for SylantStrike*'
    - '*execute-assembly SharpBlock*'
    - '*\\.\pipe\mimi*'
    - '*SharpBlock.exe*'
    - '*SharpBlock -*'
    - '* --disable-bypass-cmdline*'
    - '*/SharpSploit/*'
    - '*SharpBlock.sln*'
    - '* --disable-bypass-etw*'
  - process:
    - '* --disable-bypass-amsi*'
    - '*SharpBlock.csproj*'
    - '* -d *Active Protection DLL for SylantStrike*'
    - '*execute-assembly SharpBlock*'
    - '*\\.\pipe\mimi*'
    - '*SharpBlock.exe*'
    - '*SharpBlock -*'
    - '* --disable-bypass-cmdline*'
    - '*/SharpSploit/*'
    - '*SharpBlock.sln*'
    - '* --disable-bypass-etw*'
  - original_file_name:
    - '* --disable-bypass-amsi*'
    - '*SharpBlock.csproj*'
    - '* -d *Active Protection DLL for SylantStrike*'
    - '*execute-assembly SharpBlock*'
    - '*\\.\pipe\mimi*'
    - '*SharpBlock.exe*'
    - '*SharpBlock -*'
    - '* --disable-bypass-cmdline*'
    - '*/SharpSploit/*'
    - '*SharpBlock.sln*'
    - '* --disable-bypass-etw*'
  - parent_process:
    - '* --disable-bypass-amsi*'
    - '*SharpBlock.csproj*'
    - '* -d *Active Protection DLL for SylantStrike*'
    - '*execute-assembly SharpBlock*'
    - '*\\.\pipe\mimi*'
    - '*SharpBlock.exe*'
    - '*SharpBlock -*'
    - '* --disable-bypass-cmdline*'
    - '*/SharpSploit/*'
    - '*SharpBlock.sln*'
    - '* --disable-bypass-etw*'
  - process_path:
    - '* --disable-bypass-amsi*'
    - '*SharpBlock.csproj*'
    - '* -d *Active Protection DLL for SylantStrike*'
    - '*execute-assembly SharpBlock*'
    - '*\\.\pipe\mimi*'
    - '*SharpBlock.exe*'
    - '*SharpBlock -*'
    - '* --disable-bypass-cmdline*'
    - '*/SharpSploit/*'
    - '*SharpBlock.sln*'
    - '* --disable-bypass-etw*'
  - service_path:
    - '* --disable-bypass-amsi*'
    - '*SharpBlock.csproj*'
    - '* -d *Active Protection DLL for SylantStrike*'
    - '*execute-assembly SharpBlock*'
    - '*\\.\pipe\mimi*'
    - '*SharpBlock.exe*'
    - '*SharpBlock -*'
    - '* --disable-bypass-cmdline*'
    - '*/SharpSploit/*'
    - '*SharpBlock.sln*'
    - '* --disable-bypass-etw*'
  - registry_path:
    - '* --disable-bypass-amsi*'
    - '*SharpBlock.csproj*'
    - '* -d *Active Protection DLL for SylantStrike*'
    - '*execute-assembly SharpBlock*'
    - '*\\.\pipe\mimi*'
    - '*SharpBlock.exe*'
    - '*SharpBlock -*'
    - '* --disable-bypass-cmdline*'
    - '*/SharpSploit/*'
    - '*SharpBlock.sln*'
    - '* --disable-bypass-etw*'
  - registry_value_data:
    - '* --disable-bypass-amsi*'
    - '*SharpBlock.csproj*'
    - '* -d *Active Protection DLL for SylantStrike*'
    - '*execute-assembly SharpBlock*'
    - '*\\.\pipe\mimi*'
    - '*SharpBlock.exe*'
    - '*SharpBlock -*'
    - '* --disable-bypass-cmdline*'
    - '*/SharpSploit/*'
    - '*SharpBlock.sln*'
    - '* --disable-bypass-etw*'
  - registry_value_name:
    - '* --disable-bypass-amsi*'
    - '*SharpBlock.csproj*'
    - '* -d *Active Protection DLL for SylantStrike*'
    - '*execute-assembly SharpBlock*'
    - '*\\.\pipe\mimi*'
    - '*SharpBlock.exe*'
    - '*SharpBlock -*'
    - '* --disable-bypass-cmdline*'
    - '*/SharpSploit/*'
    - '*SharpBlock.sln*'
    - '* --disable-bypass-etw*'
  - ContextInfo:
    - '* --disable-bypass-amsi*'
    - '*SharpBlock.csproj*'
    - '* -d *Active Protection DLL for SylantStrike*'
    - '*execute-assembly SharpBlock*'
    - '*\\.\pipe\mimi*'
    - '*SharpBlock.exe*'
    - '*SharpBlock -*'
    - '* --disable-bypass-cmdline*'
    - '*/SharpSploit/*'
    - '*SharpBlock.sln*'
    - '* --disable-bypass-etw*'
  - Payload:
    - '* --disable-bypass-amsi*'
    - '*SharpBlock.csproj*'
    - '* -d *Active Protection DLL for SylantStrike*'
    - '*execute-assembly SharpBlock*'
    - '*\\.\pipe\mimi*'
    - '*SharpBlock.exe*'
    - '*SharpBlock -*'
    - '* --disable-bypass-cmdline*'
    - '*/SharpSploit/*'
    - '*SharpBlock.sln*'
    - '* --disable-bypass-etw*'
  - ScriptBlockText:
    - '* --disable-bypass-amsi*'
    - '*SharpBlock.csproj*'
    - '* -d *Active Protection DLL for SylantStrike*'
    - '*execute-assembly SharpBlock*'
    - '*\\.\pipe\mimi*'
    - '*SharpBlock.exe*'
    - '*SharpBlock -*'
    - '* --disable-bypass-cmdline*'
    - '*/SharpSploit/*'
    - '*SharpBlock.sln*'
    - '* --disable-bypass-etw*'
  - ServerName:
    - '* --disable-bypass-amsi*'
    - '*SharpBlock.csproj*'
    - '* -d *Active Protection DLL for SylantStrike*'
    - '*execute-assembly SharpBlock*'
    - '*\\.\pipe\mimi*'
    - '*SharpBlock.exe*'
    - '*SharpBlock -*'
    - '* --disable-bypass-cmdline*'
    - '*/SharpSploit/*'
    - '*SharpBlock.sln*'
    - '* --disable-bypass-etw*'
  - TransportName:
    - '* --disable-bypass-amsi*'
    - '*SharpBlock.csproj*'
    - '* -d *Active Protection DLL for SylantStrike*'
    - '*execute-assembly SharpBlock*'
    - '*\\.\pipe\mimi*'
    - '*SharpBlock.exe*'
    - '*SharpBlock -*'
    - '* --disable-bypass-cmdline*'
    - '*/SharpSploit/*'
    - '*SharpBlock.sln*'
    - '* --disable-bypass-etw*'
  - NewProcessName:
    - '* --disable-bypass-amsi*'
    - '*SharpBlock.csproj*'
    - '* -d *Active Protection DLL for SylantStrike*'
    - '*execute-assembly SharpBlock*'
    - '*\\.\pipe\mimi*'
    - '*SharpBlock.exe*'
    - '*SharpBlock -*'
    - '* --disable-bypass-cmdline*'
    - '*/SharpSploit/*'
    - '*SharpBlock.sln*'
    - '* --disable-bypass-etw*'
  - ParentProcessName:
    - '* --disable-bypass-amsi*'
    - '*SharpBlock.csproj*'
    - '* -d *Active Protection DLL for SylantStrike*'
    - '*execute-assembly SharpBlock*'
    - '*\\.\pipe\mimi*'
    - '*SharpBlock.exe*'
    - '*SharpBlock -*'
    - '* --disable-bypass-cmdline*'
    - '*/SharpSploit/*'
    - '*SharpBlock.sln*'
    - '* --disable-bypass-etw*'
  - Application:
    - '* --disable-bypass-amsi*'
    - '*SharpBlock.csproj*'
    - '* -d *Active Protection DLL for SylantStrike*'
    - '*execute-assembly SharpBlock*'
    - '*\\.\pipe\mimi*'
    - '*SharpBlock.exe*'
    - '*SharpBlock -*'
    - '* --disable-bypass-cmdline*'
    - '*/SharpSploit/*'
    - '*SharpBlock.sln*'
    - '* --disable-bypass-etw*'
  - Product Name:
    - '* --disable-bypass-amsi*'
    - '*SharpBlock.csproj*'
    - '* -d *Active Protection DLL for SylantStrike*'
    - '*execute-assembly SharpBlock*'
    - '*\\.\pipe\mimi*'
    - '*SharpBlock.exe*'
    - '*SharpBlock -*'
    - '* --disable-bypass-cmdline*'
    - '*/SharpSploit/*'
    - '*SharpBlock.sln*'
    - '* --disable-bypass-etw*'
  - Threat Name:
    - '* --disable-bypass-amsi*'
    - '*SharpBlock.csproj*'
    - '* -d *Active Protection DLL for SylantStrike*'
    - '*execute-assembly SharpBlock*'
    - '*\\.\pipe\mimi*'
    - '*SharpBlock.exe*'
    - '*SharpBlock -*'
    - '* --disable-bypass-cmdline*'
    - '*/SharpSploit/*'
    - '*SharpBlock.sln*'
    - '* --disable-bypass-etw*'
  - Process Name:
    - '* --disable-bypass-amsi*'
    - '*SharpBlock.csproj*'
    - '* -d *Active Protection DLL for SylantStrike*'
    - '*execute-assembly SharpBlock*'
    - '*\\.\pipe\mimi*'
    - '*SharpBlock.exe*'
    - '*SharpBlock -*'
    - '* --disable-bypass-cmdline*'
    - '*/SharpSploit/*'
    - '*SharpBlock.sln*'
    - '* --disable-bypass-etw*'
  - Path:
    - '* --disable-bypass-amsi*'
    - '*SharpBlock.csproj*'
    - '* -d *Active Protection DLL for SylantStrike*'
    - '*execute-assembly SharpBlock*'
    - '*\\.\pipe\mimi*'
    - '*SharpBlock.exe*'
    - '*SharpBlock -*'
    - '* --disable-bypass-cmdline*'
    - '*/SharpSploit/*'
    - '*SharpBlock.sln*'
    - '* --disable-bypass-etw*'
  - ImagePath:
    - '* --disable-bypass-amsi*'
    - '*SharpBlock.csproj*'
    - '* -d *Active Protection DLL for SylantStrike*'
    - '*execute-assembly SharpBlock*'
    - '*\\.\pipe\mimi*'
    - '*SharpBlock.exe*'
    - '*SharpBlock -*'
    - '* --disable-bypass-cmdline*'
    - '*/SharpSploit/*'
    - '*SharpBlock.sln*'
    - '* --disable-bypass-etw*'
  - ServiceName:
    - '* --disable-bypass-amsi*'
    - '*SharpBlock.csproj*'
    - '* -d *Active Protection DLL for SylantStrike*'
    - '*execute-assembly SharpBlock*'
    - '*\\.\pipe\mimi*'
    - '*SharpBlock.exe*'
    - '*SharpBlock -*'
    - '* --disable-bypass-cmdline*'
    - '*/SharpSploit/*'
    - '*SharpBlock.sln*'
    - '* --disable-bypass-etw*'
  - ProcessPath:
    - '* --disable-bypass-amsi*'
    - '*SharpBlock.csproj*'
    - '* -d *Active Protection DLL for SylantStrike*'
    - '*execute-assembly SharpBlock*'
    - '*\\.\pipe\mimi*'
    - '*SharpBlock.exe*'
    - '*SharpBlock -*'
    - '* --disable-bypass-cmdline*'
    - '*/SharpSploit/*'
    - '*SharpBlock.sln*'
    - '* --disable-bypass-etw*'
  - AppName:
    - '* --disable-bypass-amsi*'
    - '*SharpBlock.csproj*'
    - '* -d *Active Protection DLL for SylantStrike*'
    - '*execute-assembly SharpBlock*'
    - '*\\.\pipe\mimi*'
    - '*SharpBlock.exe*'
    - '*SharpBlock -*'
    - '* --disable-bypass-cmdline*'
    - '*/SharpSploit/*'
    - '*SharpBlock.sln*'
    - '* --disable-bypass-etw*'
  - AppPath:
    - '* --disable-bypass-amsi*'
    - '*SharpBlock.csproj*'
    - '* -d *Active Protection DLL for SylantStrike*'
    - '*execute-assembly SharpBlock*'
    - '*\\.\pipe\mimi*'
    - '*SharpBlock.exe*'
    - '*SharpBlock -*'
    - '* --disable-bypass-cmdline*'
    - '*/SharpSploit/*'
    - '*SharpBlock.sln*'
    - '* --disable-bypass-etw*'
  - ModulePath:
    - '* --disable-bypass-amsi*'
    - '*SharpBlock.csproj*'
    - '* -d *Active Protection DLL for SylantStrike*'
    - '*execute-assembly SharpBlock*'
    - '*\\.\pipe\mimi*'
    - '*SharpBlock.exe*'
    - '*SharpBlock -*'
    - '* --disable-bypass-cmdline*'
    - '*/SharpSploit/*'
    - '*SharpBlock.sln*'
    - '* --disable-bypass-etw*'
  - registry.data.strings:
    - '* --disable-bypass-amsi*'
    - '*SharpBlock.csproj*'
    - '* -d *Active Protection DLL for SylantStrike*'
    - '*execute-assembly SharpBlock*'
    - '*\\.\pipe\mimi*'
    - '*SharpBlock.exe*'
    - '*SharpBlock -*'
    - '* --disable-bypass-cmdline*'
    - '*/SharpSploit/*'
    - '*SharpBlock.sln*'
    - '* --disable-bypass-etw*'
  - registry.path:
    - '* --disable-bypass-amsi*'
    - '*SharpBlock.csproj*'
    - '* -d *Active Protection DLL for SylantStrike*'
    - '*execute-assembly SharpBlock*'
    - '*\\.\pipe\mimi*'
    - '*SharpBlock.exe*'
    - '*SharpBlock -*'
    - '* --disable-bypass-cmdline*'
    - '*/SharpSploit/*'
    - '*SharpBlock.sln*'
    - '* --disable-bypass-etw*'
  - registry.value:
    - '* --disable-bypass-amsi*'
    - '*SharpBlock.csproj*'
    - '* -d *Active Protection DLL for SylantStrike*'
    - '*execute-assembly SharpBlock*'
    - '*\\.\pipe\mimi*'
    - '*SharpBlock.exe*'
    - '*SharpBlock -*'
    - '* --disable-bypass-cmdline*'
    - '*/SharpSploit/*'
    - '*SharpBlock.sln*'
    - '* --disable-bypass-etw*'
  - process.args:
    - '* --disable-bypass-amsi*'
    - '*SharpBlock.csproj*'
    - '* -d *Active Protection DLL for SylantStrike*'
    - '*execute-assembly SharpBlock*'
    - '*\\.\pipe\mimi*'
    - '*SharpBlock.exe*'
    - '*SharpBlock -*'
    - '* --disable-bypass-cmdline*'
    - '*/SharpSploit/*'
    - '*SharpBlock.sln*'
    - '* --disable-bypass-etw*'
  - process.command_line:
    - '* --disable-bypass-amsi*'
    - '*SharpBlock.csproj*'
    - '* -d *Active Protection DLL for SylantStrike*'
    - '*execute-assembly SharpBlock*'
    - '*\\.\pipe\mimi*'
    - '*SharpBlock.exe*'
    - '*SharpBlock -*'
    - '* --disable-bypass-cmdline*'
    - '*/SharpSploit/*'
    - '*SharpBlock.sln*'
    - '* --disable-bypass-etw*'
  - process.env_vars:
    - '* --disable-bypass-amsi*'
    - '*SharpBlock.csproj*'
    - '* -d *Active Protection DLL for SylantStrike*'
    - '*execute-assembly SharpBlock*'
    - '*\\.\pipe\mimi*'
    - '*SharpBlock.exe*'
    - '*SharpBlock -*'
    - '* --disable-bypass-cmdline*'
    - '*/SharpSploit/*'
    - '*SharpBlock.sln*'
    - '* --disable-bypass-etw*'
  - process.io.text:
    - '* --disable-bypass-amsi*'
    - '*SharpBlock.csproj*'
    - '* -d *Active Protection DLL for SylantStrike*'
    - '*execute-assembly SharpBlock*'
    - '*\\.\pipe\mimi*'
    - '*SharpBlock.exe*'
    - '*SharpBlock -*'
    - '* --disable-bypass-cmdline*'
    - '*/SharpSploit/*'
    - '*SharpBlock.sln*'
    - '* --disable-bypass-etw*'
  - process.executable:
    - '* --disable-bypass-amsi*'
    - '*SharpBlock.csproj*'
    - '* -d *Active Protection DLL for SylantStrike*'
    - '*execute-assembly SharpBlock*'
    - '*\\.\pipe\mimi*'
    - '*SharpBlock.exe*'
    - '*SharpBlock -*'
    - '* --disable-bypass-cmdline*'
    - '*/SharpSploit/*'
    - '*SharpBlock.sln*'
    - '* --disable-bypass-etw*'
  - process.name:
    - '* --disable-bypass-amsi*'
    - '*SharpBlock.csproj*'
    - '* -d *Active Protection DLL for SylantStrike*'
    - '*execute-assembly SharpBlock*'
    - '*\\.\pipe\mimi*'
    - '*SharpBlock.exe*'
    - '*SharpBlock -*'
    - '* --disable-bypass-cmdline*'
    - '*/SharpSploit/*'
    - '*SharpBlock.sln*'
    - '* --disable-bypass-etw*'
  - process.title:
    - '* --disable-bypass-amsi*'
    - '*SharpBlock.csproj*'
    - '* -d *Active Protection DLL for SylantStrike*'
    - '*execute-assembly SharpBlock*'
    - '*\\.\pipe\mimi*'
    - '*SharpBlock.exe*'
    - '*SharpBlock -*'
    - '* --disable-bypass-cmdline*'
    - '*/SharpSploit/*'
    - '*SharpBlock.sln*'
    - '* --disable-bypass-etw*'
  - pe.company:
    - '* --disable-bypass-amsi*'
    - '*SharpBlock.csproj*'
    - '* -d *Active Protection DLL for SylantStrike*'
    - '*execute-assembly SharpBlock*'
    - '*\\.\pipe\mimi*'
    - '*SharpBlock.exe*'
    - '*SharpBlock -*'
    - '* --disable-bypass-cmdline*'
    - '*/SharpSploit/*'
    - '*SharpBlock.sln*'
    - '* --disable-bypass-etw*'
  - pe.description:
    - '* --disable-bypass-amsi*'
    - '*SharpBlock.csproj*'
    - '* -d *Active Protection DLL for SylantStrike*'
    - '*execute-assembly SharpBlock*'
    - '*\\.\pipe\mimi*'
    - '*SharpBlock.exe*'
    - '*SharpBlock -*'
    - '* --disable-bypass-cmdline*'
    - '*/SharpSploit/*'
    - '*SharpBlock.sln*'
    - '* --disable-bypass-etw*'
  - pe.original_file_name:
    - '* --disable-bypass-amsi*'
    - '*SharpBlock.csproj*'
    - '* -d *Active Protection DLL for SylantStrike*'
    - '*execute-assembly SharpBlock*'
    - '*\\.\pipe\mimi*'
    - '*SharpBlock.exe*'
    - '*SharpBlock -*'
    - '* --disable-bypass-cmdline*'
    - '*/SharpSploit/*'
    - '*SharpBlock.sln*'
    - '* --disable-bypass-etw*'
  - pe.product:
    - '* --disable-bypass-amsi*'
    - '*SharpBlock.csproj*'
    - '* -d *Active Protection DLL for SylantStrike*'
    - '*execute-assembly SharpBlock*'
    - '*\\.\pipe\mimi*'
    - '*SharpBlock.exe*'
    - '*SharpBlock -*'
    - '* --disable-bypass-cmdline*'
    - '*/SharpSploit/*'
    - '*SharpBlock.sln*'
    - '* --disable-bypass-etw*'
  - os.full:
    - '* --disable-bypass-amsi*'
    - '*SharpBlock.csproj*'
    - '* -d *Active Protection DLL for SylantStrike*'
    - '*execute-assembly SharpBlock*'
    - '*\\.\pipe\mimi*'
    - '*SharpBlock.exe*'
    - '*SharpBlock -*'
    - '* --disable-bypass-cmdline*'
    - '*/SharpSploit/*'
    - '*SharpBlock.sln*'
    - '* --disable-bypass-etw*'
  - host.hostname:
    - '* --disable-bypass-amsi*'
    - '*SharpBlock.csproj*'
    - '* -d *Active Protection DLL for SylantStrike*'
    - '*execute-assembly SharpBlock*'
    - '*\\.\pipe\mimi*'
    - '*SharpBlock.exe*'
    - '*SharpBlock -*'
    - '* --disable-bypass-cmdline*'
    - '*/SharpSploit/*'
    - '*SharpBlock.sln*'
    - '* --disable-bypass-etw*'
  - file.fork_name:
    - '* --disable-bypass-amsi*'
    - '*SharpBlock.csproj*'
    - '* -d *Active Protection DLL for SylantStrike*'
    - '*execute-assembly SharpBlock*'
    - '*\\.\pipe\mimi*'
    - '*SharpBlock.exe*'
    - '*SharpBlock -*'
    - '* --disable-bypass-cmdline*'
    - '*/SharpSploit/*'
    - '*SharpBlock.sln*'
    - '* --disable-bypass-etw*'
  - file.name:
    - '* --disable-bypass-amsi*'
    - '*SharpBlock.csproj*'
    - '* -d *Active Protection DLL for SylantStrike*'
    - '*execute-assembly SharpBlock*'
    - '*\\.\pipe\mimi*'
    - '*SharpBlock.exe*'
    - '*SharpBlock -*'
    - '* --disable-bypass-cmdline*'
    - '*/SharpSploit/*'
    - '*SharpBlock.sln*'
    - '* --disable-bypass-etw*'
  - file.path:
    - '* --disable-bypass-amsi*'
    - '*SharpBlock.csproj*'
    - '* -d *Active Protection DLL for SylantStrike*'
    - '*execute-assembly SharpBlock*'
    - '*\\.\pipe\mimi*'
    - '*SharpBlock.exe*'
    - '*SharpBlock -*'
    - '* --disable-bypass-cmdline*'
    - '*/SharpSploit/*'
    - '*SharpBlock.sln*'
    - '* --disable-bypass-etw*'
  - file.target_path:
    - '* --disable-bypass-amsi*'
    - '*SharpBlock.csproj*'
    - '* -d *Active Protection DLL for SylantStrike*'
    - '*execute-assembly SharpBlock*'
    - '*\\.\pipe\mimi*'
    - '*SharpBlock.exe*'
    - '*SharpBlock -*'
    - '* --disable-bypass-cmdline*'
    - '*/SharpSploit/*'
    - '*SharpBlock.sln*'
    - '* --disable-bypass-etw*'
  - email.attachments.file.name:
    - '* --disable-bypass-amsi*'
    - '*SharpBlock.csproj*'
    - '* -d *Active Protection DLL for SylantStrike*'
    - '*execute-assembly SharpBlock*'
    - '*\\.\pipe\mimi*'
    - '*SharpBlock.exe*'
    - '*SharpBlock -*'
    - '* --disable-bypass-cmdline*'
    - '*/SharpSploit/*'
    - '*SharpBlock.sln*'
    - '* --disable-bypass-etw*'
  - email.subject:
    - '* --disable-bypass-amsi*'
    - '*SharpBlock.csproj*'
    - '* -d *Active Protection DLL for SylantStrike*'
    - '*execute-assembly SharpBlock*'
    - '*\\.\pipe\mimi*'
    - '*SharpBlock.exe*'
    - '*SharpBlock -*'
    - '* --disable-bypass-cmdline*'
    - '*/SharpSploit/*'
    - '*SharpBlock.sln*'
    - '* --disable-bypass-etw*'
  - dll.path:
    - '* --disable-bypass-amsi*'
    - '*SharpBlock.csproj*'
    - '* -d *Active Protection DLL for SylantStrike*'
    - '*execute-assembly SharpBlock*'
    - '*\\.\pipe\mimi*'
    - '*SharpBlock.exe*'
    - '*SharpBlock -*'
    - '* --disable-bypass-cmdline*'
    - '*/SharpSploit/*'
    - '*SharpBlock.sln*'
    - '* --disable-bypass-etw*'
  - device.model.name:
    - '* --disable-bypass-amsi*'
    - '*SharpBlock.csproj*'
    - '* -d *Active Protection DLL for SylantStrike*'
    - '*execute-assembly SharpBlock*'
    - '*\\.\pipe\mimi*'
    - '*SharpBlock.exe*'
    - '*SharpBlock -*'
    - '* --disable-bypass-cmdline*'
    - '*/SharpSploit/*'
    - '*SharpBlock.sln*'
    - '* --disable-bypass-etw*'
  - container.image.name:
    - '* --disable-bypass-amsi*'
    - '*SharpBlock.csproj*'
    - '* -d *Active Protection DLL for SylantStrike*'
    - '*execute-assembly SharpBlock*'
    - '*\\.\pipe\mimi*'
    - '*SharpBlock.exe*'
    - '*SharpBlock -*'
    - '* --disable-bypass-cmdline*'
    - '*/SharpSploit/*'
    - '*SharpBlock.sln*'
    - '* --disable-bypass-etw*'
  - container.name:
    - '* --disable-bypass-amsi*'
    - '*SharpBlock.csproj*'
    - '* -d *Active Protection DLL for SylantStrike*'
    - '*execute-assembly SharpBlock*'
    - '*\\.\pipe\mimi*'
    - '*SharpBlock.exe*'
    - '*SharpBlock -*'
    - '* --disable-bypass-cmdline*'
    - '*/SharpSploit/*'
    - '*SharpBlock.sln*'
    - '* --disable-bypass-etw*'
  - object:
    - '* --disable-bypass-amsi*'
    - '*SharpBlock.csproj*'
    - '* -d *Active Protection DLL for SylantStrike*'
    - '*execute-assembly SharpBlock*'
    - '*\\.\pipe\mimi*'
    - '*SharpBlock.exe*'
    - '*SharpBlock -*'
    - '* --disable-bypass-cmdline*'
    - '*/SharpSploit/*'
    - '*SharpBlock.sln*'
    - '* --disable-bypass-etw*'
  - url:
    - '*SharpBlock.csproj*'
    - '*SharpBlock.exe*'
    - '*/SharpSploit/*'
    - '*SharpBlock.sln*'
  - dest_url:
    - '*SharpBlock.csproj*'
    - '*SharpBlock.exe*'
    - '*/SharpSploit/*'
    - '*SharpBlock.sln*'
  - uri:
    - '*SharpBlock.csproj*'
    - '*SharpBlock.exe*'
    - '*/SharpSploit/*'
    - '*SharpBlock.sln*'
  - uri_query:
    - '*SharpBlock.csproj*'
    - '*SharpBlock.exe*'
    - '*/SharpSploit/*'
    - '*SharpBlock.sln*'
  - query:
    - '*SharpBlock.csproj*'
    - '*SharpBlock.exe*'
    - '*/SharpSploit/*'
    - '*SharpBlock.sln*'
  - url_domain:
    - '*SharpBlock.csproj*'
    - '*SharpBlock.exe*'
    - '*/SharpSploit/*'
    - '*SharpBlock.sln*'
  - uri_path:
    - '*SharpBlock.csproj*'
    - '*SharpBlock.exe*'
    - '*/SharpSploit/*'
    - '*SharpBlock.sln*'
  - domain:
    - '*SharpBlock.csproj*'
    - '*SharpBlock.exe*'
    - '*/SharpSploit/*'
    - '*SharpBlock.sln*'
  - QueryName:
    - '*SharpBlock.csproj*'
    - '*SharpBlock.exe*'
    - '*/SharpSploit/*'
    - '*SharpBlock.sln*'
  - QueryResults:
    - '*SharpBlock.csproj*'
    - '*SharpBlock.exe*'
    - '*/SharpSploit/*'
    - '*SharpBlock.sln*'
  - DestinationHostname:
    - '*SharpBlock.csproj*'
    - '*SharpBlock.exe*'
    - '*/SharpSploit/*'
    - '*SharpBlock.sln*'
  - DestinationIp:
    - '*SharpBlock.csproj*'
    - '*SharpBlock.exe*'
    - '*/SharpSploit/*'
    - '*SharpBlock.sln*'
  - http_referrer:
    - '*SharpBlock.csproj*'
    - '*SharpBlock.exe*'
    - '*/SharpSploit/*'
    - '*SharpBlock.sln*'
  - http_referrer_domain:
    - '*SharpBlock.csproj*'
    - '*SharpBlock.exe*'
    - '*/SharpSploit/*'
    - '*SharpBlock.sln*'
  - http_user_agent:
    - '*SharpBlock.csproj*'
    - '*SharpBlock.exe*'
    - '*/SharpSploit/*'
    - '*SharpBlock.sln*'
  - dest_nt_host:
    - '*SharpBlock.csproj*'
    - '*SharpBlock.exe*'
    - '*/SharpSploit/*'
    - '*SharpBlock.sln*'
  - sender:
    - '*SharpBlock.csproj*'
    - '*SharpBlock.exe*'
    - '*/SharpSploit/*'
    - '*SharpBlock.sln*'
  - recipient:
    - '*SharpBlock.csproj*'
    - '*SharpBlock.exe*'
    - '*/SharpSploit/*'
    - '*SharpBlock.sln*'
  - orig_recipient:
    - '*SharpBlock.csproj*'
    - '*SharpBlock.exe*'
    - '*/SharpSploit/*'
    - '*SharpBlock.sln*'
  - subject:
    - '*SharpBlock.csproj*'
    - '*SharpBlock.exe*'
    - '*/SharpSploit/*'
    - '*SharpBlock.sln*'
  - url.domain:
    - '*SharpBlock.csproj*'
    - '*SharpBlock.exe*'
    - '*/SharpSploit/*'
    - '*SharpBlock.sln*'
  - url.full:
    - '*SharpBlock.csproj*'
    - '*SharpBlock.exe*'
    - '*/SharpSploit/*'
    - '*SharpBlock.sln*'
  - url.original:
    - '*SharpBlock.csproj*'
    - '*SharpBlock.exe*'
    - '*/SharpSploit/*'
    - '*SharpBlock.sln*'
  - url.query:
    - '*SharpBlock.csproj*'
    - '*SharpBlock.exe*'
    - '*/SharpSploit/*'
    - '*SharpBlock.sln*'
  - user_agent.original:
    - '*SharpBlock.csproj*'
    - '*SharpBlock.exe*'
    - '*/SharpSploit/*'
    - '*SharpBlock.sln*'
  - network.application:
    - '*SharpBlock.csproj*'
    - '*SharpBlock.exe*'
    - '*/SharpSploit/*'
    - '*SharpBlock.sln*'
  - http.request.body.content:
    - '*SharpBlock.csproj*'
    - '*SharpBlock.exe*'
    - '*/SharpSploit/*'
    - '*SharpBlock.sln*'
  - http.request.referrer:
    - '*SharpBlock.csproj*'
    - '*SharpBlock.exe*'
    - '*/SharpSploit/*'
    - '*SharpBlock.sln*'
  - email.from.address:
    - '*SharpBlock.csproj*'
    - '*SharpBlock.exe*'
    - '*/SharpSploit/*'
    - '*SharpBlock.sln*'
  - dns.question.name:
    - '*SharpBlock.csproj*'
    - '*SharpBlock.exe*'
    - '*/SharpSploit/*'
    - '*SharpBlock.sln*'
  - destination.domain:
    - '*SharpBlock.csproj*'
    - '*SharpBlock.exe*'
    - '*/SharpSploit/*'
    - '*SharpBlock.sln*'
  condition: selection
fields:
- ParentCommandLine
- CommandLine
- Details
- registry.value
- process.args
- process.command_line
- process.env_vars
- process.io.text
- process.title
- pe.company
- pe.description
- pe.product
- os.full
- host.hostname
- event.original
- email.subject
- device.model.name
- container.image.name
- container.name
- Image
- OriginalFileName
- CurrentDirectory
- ParentImage
- ParentCommandLine
- TargetFilename
- Signature
- signature
- ImageLoaded
- Company
- Description
- description
- CommandLine
- SourceImage
- TargetImage
- CallTrace
- TargetObject
- Details
- PipeName
- Consumer
- Destination
- Name
- Query
- NewName
- StartAddress
- StartModule
- StartFunction
- SourceHostname
- Device
- file_name
- file_path
- process
- original_file_name
- parent_process
- process_path
- service_path
- registry_path
- registry_value_data
- registry_value_name
- ContextInfo
- Payload
- ScriptBlockText
- ServerName
- TransportName
- NewProcessName
- ParentProcessName
- Application
- Product Name
- Threat Name
- Process Name
- Path
- ImagePath
- ServiceName
- ProcessPath
- AppName
- AppPath
- ModulePath
- registry.data.strings
- registry.path
- registry.value
- process.args
- process.command_line
- process.env_vars
- process.io.text
- process.executable
- process.name
- process.title
- pe.company
- pe.description
- pe.original_file_name
- pe.product
- os.full
- host.hostname
- file.fork_name
- file.name
- file.path
- file.target_path
- email.attachments.file.name
- email.subject
- dll.path
- device.model.name
- container.image.name
- container.name
- object
- url
- dest_url
- uri
- uri_query
- query
- url_domain
- uri_path
- domain
- QueryName
- QueryResults
- DestinationHostname
- DestinationIp
- http_referrer
- http_referrer_domain
- http_user_agent
- dest_nt_host
- sender
- recipient
- orig_recipient
- subject
- url.domain
- url.full
- url.original
- url.query
- user_agent.original
- network.application
- http.request.body.content
- http.request.referrer
- email.from.address
- dns.question.name
- destination.domain
falsepositives:
- unknown
level: medium
