title: Simple keyword detection rule for SharpBlock
id: 7c25d61a-7d3e-476a-b9b6-4c471aeb6a96
status: experimental
description:
- '''A method of bypassing EDR active projection DLL by preventing entry point exection'''
references:
- https://github.com/CCob/SharpBlock
author: '@mthcht'
date: 2023/07/30
modified: 2023/08/30
tags:
- attack. TA0005
- attack.T1055.001
- attack.T1070.004
- attack.T1562.001
- attack.TA0002
logsource:
  category:
  - endpoint
  - network
falsepositives:
- Unknown
level:
- high
detection:
  selection:
    Image:
    - '*SharpBlock.sln*'
    - '*execute-assembly SharpBlock*'
    - '*SharpBlock.csproj*'
    - '*SharpBlock.exe*'
    - '*SharpBlock -*'
    - '*/SharpSploit/*'
    - '*\\.\pipe\mimi*'
    OriginalFileName:
    - '*SharpBlock.sln*'
    - '*execute-assembly SharpBlock*'
    - '*SharpBlock.csproj*'
    - '*SharpBlock.exe*'
    - '*SharpBlock -*'
    - '*/SharpSploit/*'
    - '*\\.\pipe\mimi*'
    CurrentDirectory:
    - '*SharpBlock.sln*'
    - '*execute-assembly SharpBlock*'
    - '*SharpBlock.csproj*'
    - '*SharpBlock.exe*'
    - '*SharpBlock -*'
    - '*/SharpSploit/*'
    - '*\\.\pipe\mimi*'
    ParentImage:
    - '*SharpBlock.sln*'
    - '*execute-assembly SharpBlock*'
    - '*SharpBlock.csproj*'
    - '*SharpBlock.exe*'
    - '*SharpBlock -*'
    - '*/SharpSploit/*'
    - '*\\.\pipe\mimi*'
    ParentCommandLine:
    - '*SharpBlock.sln*'
    - '* --disable-bypass-amsi*'
    - '* --disable-bypass-cmdline*'
    - '* -d *Active Protection DLL for SylantStrike*'
    - '*execute-assembly SharpBlock*'
    - '*SharpBlock.csproj*'
    - '*SharpBlock.exe*'
    - '*SharpBlock -*'
    - '* --disable-bypass-etw*'
    - '*/SharpSploit/*'
    - '*\\.\pipe\mimi*'
    TargetFilename:
    - '*SharpBlock.sln*'
    - '*execute-assembly SharpBlock*'
    - '*SharpBlock.csproj*'
    - '*SharpBlock.exe*'
    - '*SharpBlock -*'
    - '*/SharpSploit/*'
    - '*\\.\pipe\mimi*'
    Signature:
    - '*SharpBlock.sln*'
    - '*execute-assembly SharpBlock*'
    - '*SharpBlock.csproj*'
    - '*SharpBlock.exe*'
    - '*SharpBlock -*'
    - '*/SharpSploit/*'
    - '*\\.\pipe\mimi*'
    signature:
    - '*SharpBlock.sln*'
    - '*execute-assembly SharpBlock*'
    - '*SharpBlock.csproj*'
    - '*SharpBlock.exe*'
    - '*SharpBlock -*'
    - '*/SharpSploit/*'
    - '*\\.\pipe\mimi*'
    ImageLoaded:
    - '*SharpBlock.sln*'
    - '*execute-assembly SharpBlock*'
    - '*SharpBlock.csproj*'
    - '*SharpBlock.exe*'
    - '*SharpBlock -*'
    - '*/SharpSploit/*'
    - '*\\.\pipe\mimi*'
    Company:
    - '*SharpBlock.sln*'
    - '*execute-assembly SharpBlock*'
    - '*SharpBlock.csproj*'
    - '*SharpBlock.exe*'
    - '*SharpBlock -*'
    - '*/SharpSploit/*'
    - '*\\.\pipe\mimi*'
    Description:
    - '*SharpBlock.sln*'
    - '*execute-assembly SharpBlock*'
    - '*SharpBlock.csproj*'
    - '*SharpBlock.exe*'
    - '*SharpBlock -*'
    - '*/SharpSploit/*'
    - '*\\.\pipe\mimi*'
    description:
    - '*SharpBlock.sln*'
    - '*execute-assembly SharpBlock*'
    - '*SharpBlock.csproj*'
    - '*SharpBlock.exe*'
    - '*SharpBlock -*'
    - '*/SharpSploit/*'
    - '*\\.\pipe\mimi*'
    CommandLine:
    - '*SharpBlock.sln*'
    - '* --disable-bypass-amsi*'
    - '* --disable-bypass-cmdline*'
    - '* -d *Active Protection DLL for SylantStrike*'
    - '*execute-assembly SharpBlock*'
    - '*SharpBlock.csproj*'
    - '*SharpBlock.exe*'
    - '*SharpBlock -*'
    - '* --disable-bypass-etw*'
    - '*/SharpSploit/*'
    - '*\\.\pipe\mimi*'
    SourceImage:
    - '*SharpBlock.sln*'
    - '*execute-assembly SharpBlock*'
    - '*SharpBlock.csproj*'
    - '*SharpBlock.exe*'
    - '*SharpBlock -*'
    - '*/SharpSploit/*'
    - '*\\.\pipe\mimi*'
    TargetImage:
    - '*SharpBlock.sln*'
    - '*execute-assembly SharpBlock*'
    - '*SharpBlock.csproj*'
    - '*SharpBlock.exe*'
    - '*SharpBlock -*'
    - '*/SharpSploit/*'
    - '*\\.\pipe\mimi*'
    CallTrace:
    - '*SharpBlock.sln*'
    - '*execute-assembly SharpBlock*'
    - '*SharpBlock.csproj*'
    - '*SharpBlock.exe*'
    - '*SharpBlock -*'
    - '*/SharpSploit/*'
    - '*\\.\pipe\mimi*'
    TargetObject:
    - '*SharpBlock.sln*'
    - '*execute-assembly SharpBlock*'
    - '*SharpBlock.csproj*'
    - '*SharpBlock.exe*'
    - '*SharpBlock -*'
    - '*/SharpSploit/*'
    - '*\\.\pipe\mimi*'
    Details:
    - '*SharpBlock.sln*'
    - '* --disable-bypass-amsi*'
    - '* --disable-bypass-cmdline*'
    - '* -d *Active Protection DLL for SylantStrike*'
    - '*execute-assembly SharpBlock*'
    - '*SharpBlock.csproj*'
    - '*SharpBlock.exe*'
    - '*SharpBlock -*'
    - '* --disable-bypass-etw*'
    - '*/SharpSploit/*'
    - '*\\.\pipe\mimi*'
    PipeName:
    - '*SharpBlock.sln*'
    - '*execute-assembly SharpBlock*'
    - '*SharpBlock.csproj*'
    - '*SharpBlock.exe*'
    - '*SharpBlock -*'
    - '*/SharpSploit/*'
    - '*\\.\pipe\mimi*'
    Consumer:
    - '*SharpBlock.sln*'
    - '*execute-assembly SharpBlock*'
    - '*SharpBlock.csproj*'
    - '*SharpBlock.exe*'
    - '*SharpBlock -*'
    - '*/SharpSploit/*'
    - '*\\.\pipe\mimi*'
    Destination:
    - '*SharpBlock.sln*'
    - '*execute-assembly SharpBlock*'
    - '*SharpBlock.csproj*'
    - '*SharpBlock.exe*'
    - '*SharpBlock -*'
    - '*/SharpSploit/*'
    - '*\\.\pipe\mimi*'
    Name:
    - '*SharpBlock.sln*'
    - '*execute-assembly SharpBlock*'
    - '*SharpBlock.csproj*'
    - '*SharpBlock.exe*'
    - '*SharpBlock -*'
    - '*/SharpSploit/*'
    - '*\\.\pipe\mimi*'
    Query:
    - '*SharpBlock.sln*'
    - '*execute-assembly SharpBlock*'
    - '*SharpBlock.csproj*'
    - '*SharpBlock.exe*'
    - '*SharpBlock -*'
    - '*/SharpSploit/*'
    - '*\\.\pipe\mimi*'
    NewName:
    - '*SharpBlock.sln*'
    - '*execute-assembly SharpBlock*'
    - '*SharpBlock.csproj*'
    - '*SharpBlock.exe*'
    - '*SharpBlock -*'
    - '*/SharpSploit/*'
    - '*\\.\pipe\mimi*'
    StartAddress:
    - '*SharpBlock.sln*'
    - '*execute-assembly SharpBlock*'
    - '*SharpBlock.csproj*'
    - '*SharpBlock.exe*'
    - '*SharpBlock -*'
    - '*/SharpSploit/*'
    - '*\\.\pipe\mimi*'
    StartModule:
    - '*SharpBlock.sln*'
    - '*execute-assembly SharpBlock*'
    - '*SharpBlock.csproj*'
    - '*SharpBlock.exe*'
    - '*SharpBlock -*'
    - '*/SharpSploit/*'
    - '*\\.\pipe\mimi*'
    StartFunction:
    - '*SharpBlock.sln*'
    - '*execute-assembly SharpBlock*'
    - '*SharpBlock.csproj*'
    - '*SharpBlock.exe*'
    - '*SharpBlock -*'
    - '*/SharpSploit/*'
    - '*\\.\pipe\mimi*'
    SourceHostname:
    - '*SharpBlock.sln*'
    - '*execute-assembly SharpBlock*'
    - '*SharpBlock.csproj*'
    - '*SharpBlock.exe*'
    - '*SharpBlock -*'
    - '*/SharpSploit/*'
    - '*\\.\pipe\mimi*'
    Device:
    - '*SharpBlock.sln*'
    - '*execute-assembly SharpBlock*'
    - '*SharpBlock.csproj*'
    - '*SharpBlock.exe*'
    - '*SharpBlock -*'
    - '*/SharpSploit/*'
    - '*\\.\pipe\mimi*'
    file_name:
    - '*SharpBlock.sln*'
    - '*execute-assembly SharpBlock*'
    - '*SharpBlock.csproj*'
    - '*SharpBlock.exe*'
    - '*SharpBlock -*'
    - '*/SharpSploit/*'
    - '*\\.\pipe\mimi*'
    file_path:
    - '*SharpBlock.sln*'
    - '*execute-assembly SharpBlock*'
    - '*SharpBlock.csproj*'
    - '*SharpBlock.exe*'
    - '*SharpBlock -*'
    - '*/SharpSploit/*'
    - '*\\.\pipe\mimi*'
    process:
    - '*SharpBlock.sln*'
    - '*execute-assembly SharpBlock*'
    - '*SharpBlock.csproj*'
    - '*SharpBlock.exe*'
    - '*SharpBlock -*'
    - '*/SharpSploit/*'
    - '*\\.\pipe\mimi*'
    original_file_name:
    - '*SharpBlock.sln*'
    - '*execute-assembly SharpBlock*'
    - '*SharpBlock.csproj*'
    - '*SharpBlock.exe*'
    - '*SharpBlock -*'
    - '*/SharpSploit/*'
    - '*\\.\pipe\mimi*'
    parent_process:
    - '*SharpBlock.sln*'
    - '*execute-assembly SharpBlock*'
    - '*SharpBlock.csproj*'
    - '*SharpBlock.exe*'
    - '*SharpBlock -*'
    - '*/SharpSploit/*'
    - '*\\.\pipe\mimi*'
    process_path:
    - '*SharpBlock.sln*'
    - '*execute-assembly SharpBlock*'
    - '*SharpBlock.csproj*'
    - '*SharpBlock.exe*'
    - '*SharpBlock -*'
    - '*/SharpSploit/*'
    - '*\\.\pipe\mimi*'
    service_path:
    - '*SharpBlock.sln*'
    - '*execute-assembly SharpBlock*'
    - '*SharpBlock.csproj*'
    - '*SharpBlock.exe*'
    - '*SharpBlock -*'
    - '*/SharpSploit/*'
    - '*\\.\pipe\mimi*'
    registry_path:
    - '*SharpBlock.sln*'
    - '*execute-assembly SharpBlock*'
    - '*SharpBlock.csproj*'
    - '*SharpBlock.exe*'
    - '*SharpBlock -*'
    - '*/SharpSploit/*'
    - '*\\.\pipe\mimi*'
    registry_value_data:
    - '*SharpBlock.sln*'
    - '*execute-assembly SharpBlock*'
    - '*SharpBlock.csproj*'
    - '*SharpBlock.exe*'
    - '*SharpBlock -*'
    - '*/SharpSploit/*'
    - '*\\.\pipe\mimi*'
    registry_value_name:
    - '*SharpBlock.sln*'
    - '*execute-assembly SharpBlock*'
    - '*SharpBlock.csproj*'
    - '*SharpBlock.exe*'
    - '*SharpBlock -*'
    - '*/SharpSploit/*'
    - '*\\.\pipe\mimi*'
    ContextInfo:
    - '*SharpBlock.sln*'
    - '*execute-assembly SharpBlock*'
    - '*SharpBlock.csproj*'
    - '*SharpBlock.exe*'
    - '*SharpBlock -*'
    - '*/SharpSploit/*'
    - '*\\.\pipe\mimi*'
    Payload:
    - '*SharpBlock.sln*'
    - '*execute-assembly SharpBlock*'
    - '*SharpBlock.csproj*'
    - '*SharpBlock.exe*'
    - '*SharpBlock -*'
    - '*/SharpSploit/*'
    - '*\\.\pipe\mimi*'
    ScriptBlockText:
    - '*SharpBlock.sln*'
    - '*execute-assembly SharpBlock*'
    - '*SharpBlock.csproj*'
    - '*SharpBlock.exe*'
    - '*SharpBlock -*'
    - '*/SharpSploit/*'
    - '*\\.\pipe\mimi*'
    ServerName:
    - '*SharpBlock.sln*'
    - '*execute-assembly SharpBlock*'
    - '*SharpBlock.csproj*'
    - '*SharpBlock.exe*'
    - '*SharpBlock -*'
    - '*/SharpSploit/*'
    - '*\\.\pipe\mimi*'
    TransportName:
    - '*SharpBlock.sln*'
    - '*execute-assembly SharpBlock*'
    - '*SharpBlock.csproj*'
    - '*SharpBlock.exe*'
    - '*SharpBlock -*'
    - '*/SharpSploit/*'
    - '*\\.\pipe\mimi*'
    NewProcessName:
    - '*SharpBlock.sln*'
    - '*execute-assembly SharpBlock*'
    - '*SharpBlock.csproj*'
    - '*SharpBlock.exe*'
    - '*SharpBlock -*'
    - '*/SharpSploit/*'
    - '*\\.\pipe\mimi*'
    ParentProcessName:
    - '*SharpBlock.sln*'
    - '*execute-assembly SharpBlock*'
    - '*SharpBlock.csproj*'
    - '*SharpBlock.exe*'
    - '*SharpBlock -*'
    - '*/SharpSploit/*'
    - '*\\.\pipe\mimi*'
    Application:
    - '*SharpBlock.sln*'
    - '*execute-assembly SharpBlock*'
    - '*SharpBlock.csproj*'
    - '*SharpBlock.exe*'
    - '*SharpBlock -*'
    - '*/SharpSploit/*'
    - '*\\.\pipe\mimi*'
    Product Name:
    - '*SharpBlock.sln*'
    - '*execute-assembly SharpBlock*'
    - '*SharpBlock.csproj*'
    - '*SharpBlock.exe*'
    - '*SharpBlock -*'
    - '*/SharpSploit/*'
    - '*\\.\pipe\mimi*'
    Threat Name:
    - '*SharpBlock.sln*'
    - '*execute-assembly SharpBlock*'
    - '*SharpBlock.csproj*'
    - '*SharpBlock.exe*'
    - '*SharpBlock -*'
    - '*/SharpSploit/*'
    - '*\\.\pipe\mimi*'
    Process Name:
    - '*SharpBlock.sln*'
    - '*execute-assembly SharpBlock*'
    - '*SharpBlock.csproj*'
    - '*SharpBlock.exe*'
    - '*SharpBlock -*'
    - '*/SharpSploit/*'
    - '*\\.\pipe\mimi*'
    Path:
    - '*SharpBlock.sln*'
    - '*execute-assembly SharpBlock*'
    - '*SharpBlock.csproj*'
    - '*SharpBlock.exe*'
    - '*SharpBlock -*'
    - '*/SharpSploit/*'
    - '*\\.\pipe\mimi*'
    ImagePath:
    - '*SharpBlock.sln*'
    - '*execute-assembly SharpBlock*'
    - '*SharpBlock.csproj*'
    - '*SharpBlock.exe*'
    - '*SharpBlock -*'
    - '*/SharpSploit/*'
    - '*\\.\pipe\mimi*'
    ServiceName:
    - '*SharpBlock.sln*'
    - '*execute-assembly SharpBlock*'
    - '*SharpBlock.csproj*'
    - '*SharpBlock.exe*'
    - '*SharpBlock -*'
    - '*/SharpSploit/*'
    - '*\\.\pipe\mimi*'
    ProcessPath:
    - '*SharpBlock.sln*'
    - '*execute-assembly SharpBlock*'
    - '*SharpBlock.csproj*'
    - '*SharpBlock.exe*'
    - '*SharpBlock -*'
    - '*/SharpSploit/*'
    - '*\\.\pipe\mimi*'
    AppName:
    - '*SharpBlock.sln*'
    - '*execute-assembly SharpBlock*'
    - '*SharpBlock.csproj*'
    - '*SharpBlock.exe*'
    - '*SharpBlock -*'
    - '*/SharpSploit/*'
    - '*\\.\pipe\mimi*'
    AppPath:
    - '*SharpBlock.sln*'
    - '*execute-assembly SharpBlock*'
    - '*SharpBlock.csproj*'
    - '*SharpBlock.exe*'
    - '*SharpBlock -*'
    - '*/SharpSploit/*'
    - '*\\.\pipe\mimi*'
    ModulePath:
    - '*SharpBlock.sln*'
    - '*execute-assembly SharpBlock*'
    - '*SharpBlock.csproj*'
    - '*SharpBlock.exe*'
    - '*SharpBlock -*'
    - '*/SharpSploit/*'
    - '*\\.\pipe\mimi*'
    registry.data.strings:
    - '*SharpBlock.sln*'
    - '*execute-assembly SharpBlock*'
    - '*SharpBlock.csproj*'
    - '*SharpBlock.exe*'
    - '*SharpBlock -*'
    - '*/SharpSploit/*'
    - '*\\.\pipe\mimi*'
    registry.path:
    - '*SharpBlock.sln*'
    - '*execute-assembly SharpBlock*'
    - '*SharpBlock.csproj*'
    - '*SharpBlock.exe*'
    - '*SharpBlock -*'
    - '*/SharpSploit/*'
    - '*\\.\pipe\mimi*'
    registry.value:
    - '*SharpBlock.sln*'
    - '* --disable-bypass-amsi*'
    - '* --disable-bypass-cmdline*'
    - '* -d *Active Protection DLL for SylantStrike*'
    - '*execute-assembly SharpBlock*'
    - '*SharpBlock.csproj*'
    - '*SharpBlock.exe*'
    - '*SharpBlock -*'
    - '* --disable-bypass-etw*'
    - '*/SharpSploit/*'
    - '*\\.\pipe\mimi*'
    process.args:
    - '*SharpBlock.sln*'
    - '* --disable-bypass-amsi*'
    - '* --disable-bypass-cmdline*'
    - '* -d *Active Protection DLL for SylantStrike*'
    - '*execute-assembly SharpBlock*'
    - '*SharpBlock.csproj*'
    - '*SharpBlock.exe*'
    - '*SharpBlock -*'
    - '* --disable-bypass-etw*'
    - '*/SharpSploit/*'
    - '*\\.\pipe\mimi*'
    process.command_line:
    - '*SharpBlock.sln*'
    - '* --disable-bypass-amsi*'
    - '* --disable-bypass-cmdline*'
    - '* -d *Active Protection DLL for SylantStrike*'
    - '*execute-assembly SharpBlock*'
    - '*SharpBlock.csproj*'
    - '*SharpBlock.exe*'
    - '*SharpBlock -*'
    - '* --disable-bypass-etw*'
    - '*/SharpSploit/*'
    - '*\\.\pipe\mimi*'
    process.env_vars:
    - '*SharpBlock.sln*'
    - '* --disable-bypass-amsi*'
    - '* --disable-bypass-cmdline*'
    - '* -d *Active Protection DLL for SylantStrike*'
    - '*execute-assembly SharpBlock*'
    - '*SharpBlock.csproj*'
    - '*SharpBlock.exe*'
    - '*SharpBlock -*'
    - '* --disable-bypass-etw*'
    - '*/SharpSploit/*'
    - '*\\.\pipe\mimi*'
    process.io.text:
    - '*SharpBlock.sln*'
    - '* --disable-bypass-amsi*'
    - '* --disable-bypass-cmdline*'
    - '* -d *Active Protection DLL for SylantStrike*'
    - '*execute-assembly SharpBlock*'
    - '*SharpBlock.csproj*'
    - '*SharpBlock.exe*'
    - '*SharpBlock -*'
    - '* --disable-bypass-etw*'
    - '*/SharpSploit/*'
    - '*\\.\pipe\mimi*'
    process.executable:
    - '*SharpBlock.sln*'
    - '*execute-assembly SharpBlock*'
    - '*SharpBlock.csproj*'
    - '*SharpBlock.exe*'
    - '*SharpBlock -*'
    - '*/SharpSploit/*'
    - '*\\.\pipe\mimi*'
    process.name:
    - '*SharpBlock.sln*'
    - '*execute-assembly SharpBlock*'
    - '*SharpBlock.csproj*'
    - '*SharpBlock.exe*'
    - '*SharpBlock -*'
    - '*/SharpSploit/*'
    - '*\\.\pipe\mimi*'
    process.title:
    - '*SharpBlock.sln*'
    - '* --disable-bypass-amsi*'
    - '* --disable-bypass-cmdline*'
    - '* -d *Active Protection DLL for SylantStrike*'
    - '*execute-assembly SharpBlock*'
    - '*SharpBlock.csproj*'
    - '*SharpBlock.exe*'
    - '*SharpBlock -*'
    - '* --disable-bypass-etw*'
    - '*/SharpSploit/*'
    - '*\\.\pipe\mimi*'
    pe.company:
    - '*SharpBlock.sln*'
    - '* --disable-bypass-amsi*'
    - '* --disable-bypass-cmdline*'
    - '* -d *Active Protection DLL for SylantStrike*'
    - '*execute-assembly SharpBlock*'
    - '*SharpBlock.csproj*'
    - '*SharpBlock.exe*'
    - '*SharpBlock -*'
    - '* --disable-bypass-etw*'
    - '*/SharpSploit/*'
    - '*\\.\pipe\mimi*'
    pe.description:
    - '*SharpBlock.sln*'
    - '* --disable-bypass-amsi*'
    - '* --disable-bypass-cmdline*'
    - '* -d *Active Protection DLL for SylantStrike*'
    - '*execute-assembly SharpBlock*'
    - '*SharpBlock.csproj*'
    - '*SharpBlock.exe*'
    - '*SharpBlock -*'
    - '* --disable-bypass-etw*'
    - '*/SharpSploit/*'
    - '*\\.\pipe\mimi*'
    pe.original_file_name:
    - '*SharpBlock.sln*'
    - '*execute-assembly SharpBlock*'
    - '*SharpBlock.csproj*'
    - '*SharpBlock.exe*'
    - '*SharpBlock -*'
    - '*/SharpSploit/*'
    - '*\\.\pipe\mimi*'
    pe.product:
    - '*SharpBlock.sln*'
    - '* --disable-bypass-amsi*'
    - '* --disable-bypass-cmdline*'
    - '* -d *Active Protection DLL for SylantStrike*'
    - '*execute-assembly SharpBlock*'
    - '*SharpBlock.csproj*'
    - '*SharpBlock.exe*'
    - '*SharpBlock -*'
    - '* --disable-bypass-etw*'
    - '*/SharpSploit/*'
    - '*\\.\pipe\mimi*'
    os.full:
    - '*SharpBlock.sln*'
    - '* --disable-bypass-amsi*'
    - '* --disable-bypass-cmdline*'
    - '* -d *Active Protection DLL for SylantStrike*'
    - '*execute-assembly SharpBlock*'
    - '*SharpBlock.csproj*'
    - '*SharpBlock.exe*'
    - '*SharpBlock -*'
    - '* --disable-bypass-etw*'
    - '*/SharpSploit/*'
    - '*\\.\pipe\mimi*'
    host.hostname:
    - '*SharpBlock.sln*'
    - '* --disable-bypass-amsi*'
    - '* --disable-bypass-cmdline*'
    - '* -d *Active Protection DLL for SylantStrike*'
    - '*execute-assembly SharpBlock*'
    - '*SharpBlock.csproj*'
    - '*SharpBlock.exe*'
    - '*SharpBlock -*'
    - '* --disable-bypass-etw*'
    - '*/SharpSploit/*'
    - '*\\.\pipe\mimi*'
    file.fork_name:
    - '*SharpBlock.sln*'
    - '*execute-assembly SharpBlock*'
    - '*SharpBlock.csproj*'
    - '*SharpBlock.exe*'
    - '*SharpBlock -*'
    - '*/SharpSploit/*'
    - '*\\.\pipe\mimi*'
    file.name:
    - '*SharpBlock.sln*'
    - '*execute-assembly SharpBlock*'
    - '*SharpBlock.csproj*'
    - '*SharpBlock.exe*'
    - '*SharpBlock -*'
    - '*/SharpSploit/*'
    - '*\\.\pipe\mimi*'
    file.path:
    - '*SharpBlock.sln*'
    - '*execute-assembly SharpBlock*'
    - '*SharpBlock.csproj*'
    - '*SharpBlock.exe*'
    - '*SharpBlock -*'
    - '*/SharpSploit/*'
    - '*\\.\pipe\mimi*'
    file.target_path:
    - '*SharpBlock.sln*'
    - '*execute-assembly SharpBlock*'
    - '*SharpBlock.csproj*'
    - '*SharpBlock.exe*'
    - '*SharpBlock -*'
    - '*/SharpSploit/*'
    - '*\\.\pipe\mimi*'
    email.attachments.file.name:
    - '*SharpBlock.sln*'
    - '*execute-assembly SharpBlock*'
    - '*SharpBlock.csproj*'
    - '*SharpBlock.exe*'
    - '*SharpBlock -*'
    - '*/SharpSploit/*'
    - '*\\.\pipe\mimi*'
    email.subject:
    - '*SharpBlock.sln*'
    - '* --disable-bypass-amsi*'
    - '* --disable-bypass-cmdline*'
    - '* -d *Active Protection DLL for SylantStrike*'
    - '*execute-assembly SharpBlock*'
    - '*SharpBlock.csproj*'
    - '*SharpBlock.exe*'
    - '*SharpBlock -*'
    - '* --disable-bypass-etw*'
    - '*/SharpSploit/*'
    - '*\\.\pipe\mimi*'
    dll.path:
    - '*SharpBlock.sln*'
    - '*execute-assembly SharpBlock*'
    - '*SharpBlock.csproj*'
    - '*SharpBlock.exe*'
    - '*SharpBlock -*'
    - '*/SharpSploit/*'
    - '*\\.\pipe\mimi*'
    device.model.name:
    - '*SharpBlock.sln*'
    - '* --disable-bypass-amsi*'
    - '* --disable-bypass-cmdline*'
    - '* -d *Active Protection DLL for SylantStrike*'
    - '*execute-assembly SharpBlock*'
    - '*SharpBlock.csproj*'
    - '*SharpBlock.exe*'
    - '*SharpBlock -*'
    - '* --disable-bypass-etw*'
    - '*/SharpSploit/*'
    - '*\\.\pipe\mimi*'
    container.image.name:
    - '*SharpBlock.sln*'
    - '* --disable-bypass-amsi*'
    - '* --disable-bypass-cmdline*'
    - '* -d *Active Protection DLL for SylantStrike*'
    - '*execute-assembly SharpBlock*'
    - '*SharpBlock.csproj*'
    - '*SharpBlock.exe*'
    - '*SharpBlock -*'
    - '* --disable-bypass-etw*'
    - '*/SharpSploit/*'
    - '*\\.\pipe\mimi*'
    container.name:
    - '*SharpBlock.sln*'
    - '* --disable-bypass-amsi*'
    - '* --disable-bypass-cmdline*'
    - '* -d *Active Protection DLL for SylantStrike*'
    - '*execute-assembly SharpBlock*'
    - '*SharpBlock.csproj*'
    - '*SharpBlock.exe*'
    - '*SharpBlock -*'
    - '* --disable-bypass-etw*'
    - '*/SharpSploit/*'
    - '*\\.\pipe\mimi*'
    object:
    - '*SharpBlock.sln*'
    - '*execute-assembly SharpBlock*'
    - '*SharpBlock.csproj*'
    - '*SharpBlock.exe*'
    - '*SharpBlock -*'
    - '*/SharpSploit/*'
    - '*\\.\pipe\mimi*'
    url:
    - '*SharpBlock.sln*'
    - '*SharpBlock.csproj*'
    - '*SharpBlock.exe*'
    - '*/SharpSploit/*'
    dest_url:
    - '*SharpBlock.sln*'
    - '*SharpBlock.csproj*'
    - '*SharpBlock.exe*'
    - '*/SharpSploit/*'
    uri:
    - '*SharpBlock.sln*'
    - '*SharpBlock.csproj*'
    - '*SharpBlock.exe*'
    - '*/SharpSploit/*'
    uri_query:
    - '*SharpBlock.sln*'
    - '*SharpBlock.csproj*'
    - '*SharpBlock.exe*'
    - '*/SharpSploit/*'
    query:
    - '*SharpBlock.sln*'
    - '*SharpBlock.csproj*'
    - '*SharpBlock.exe*'
    - '*/SharpSploit/*'
    url_domain:
    - '*SharpBlock.sln*'
    - '*SharpBlock.csproj*'
    - '*SharpBlock.exe*'
    - '*/SharpSploit/*'
    uri_path:
    - '*SharpBlock.sln*'
    - '*SharpBlock.csproj*'
    - '*SharpBlock.exe*'
    - '*/SharpSploit/*'
    domain:
    - '*SharpBlock.sln*'
    - '*SharpBlock.csproj*'
    - '*SharpBlock.exe*'
    - '*/SharpSploit/*'
    QueryName:
    - '*SharpBlock.sln*'
    - '*SharpBlock.csproj*'
    - '*SharpBlock.exe*'
    - '*/SharpSploit/*'
    QueryResults:
    - '*SharpBlock.sln*'
    - '*SharpBlock.csproj*'
    - '*SharpBlock.exe*'
    - '*/SharpSploit/*'
    DestinationHostname:
    - '*SharpBlock.sln*'
    - '*SharpBlock.csproj*'
    - '*SharpBlock.exe*'
    - '*/SharpSploit/*'
    DestinationIp:
    - '*SharpBlock.sln*'
    - '*SharpBlock.csproj*'
    - '*SharpBlock.exe*'
    - '*/SharpSploit/*'
    http_referrer:
    - '*SharpBlock.sln*'
    - '*SharpBlock.csproj*'
    - '*SharpBlock.exe*'
    - '*/SharpSploit/*'
    http_referrer_domain:
    - '*SharpBlock.sln*'
    - '*SharpBlock.csproj*'
    - '*SharpBlock.exe*'
    - '*/SharpSploit/*'
    http_user_agent:
    - '*SharpBlock.sln*'
    - '*SharpBlock.csproj*'
    - '*SharpBlock.exe*'
    - '*/SharpSploit/*'
    dest_nt_host:
    - '*SharpBlock.sln*'
    - '*SharpBlock.csproj*'
    - '*SharpBlock.exe*'
    - '*/SharpSploit/*'
    sender:
    - '*SharpBlock.sln*'
    - '*SharpBlock.csproj*'
    - '*SharpBlock.exe*'
    - '*/SharpSploit/*'
    recipient:
    - '*SharpBlock.sln*'
    - '*SharpBlock.csproj*'
    - '*SharpBlock.exe*'
    - '*/SharpSploit/*'
    orig_recipient:
    - '*SharpBlock.sln*'
    - '*SharpBlock.csproj*'
    - '*SharpBlock.exe*'
    - '*/SharpSploit/*'
    subject:
    - '*SharpBlock.sln*'
    - '*SharpBlock.csproj*'
    - '*SharpBlock.exe*'
    - '*/SharpSploit/*'
    url.domain:
    - '*SharpBlock.sln*'
    - '*SharpBlock.csproj*'
    - '*SharpBlock.exe*'
    - '*/SharpSploit/*'
    url.full:
    - '*SharpBlock.sln*'
    - '*SharpBlock.csproj*'
    - '*SharpBlock.exe*'
    - '*/SharpSploit/*'
    url.original:
    - '*SharpBlock.sln*'
    - '*SharpBlock.csproj*'
    - '*SharpBlock.exe*'
    - '*/SharpSploit/*'
    url.query:
    - '*SharpBlock.sln*'
    - '*SharpBlock.csproj*'
    - '*SharpBlock.exe*'
    - '*/SharpSploit/*'
    user_agent.original:
    - '*SharpBlock.sln*'
    - '*SharpBlock.csproj*'
    - '*SharpBlock.exe*'
    - '*/SharpSploit/*'
    network.application:
    - '*SharpBlock.sln*'
    - '*SharpBlock.csproj*'
    - '*SharpBlock.exe*'
    - '*/SharpSploit/*'
    http.request.body.content:
    - '*SharpBlock.sln*'
    - '*SharpBlock.csproj*'
    - '*SharpBlock.exe*'
    - '*/SharpSploit/*'
    http.request.referrer:
    - '*SharpBlock.sln*'
    - '*SharpBlock.csproj*'
    - '*SharpBlock.exe*'
    - '*/SharpSploit/*'
    email.from.address:
    - '*SharpBlock.sln*'
    - '*SharpBlock.csproj*'
    - '*SharpBlock.exe*'
    - '*/SharpSploit/*'
    dns.question.name:
    - '*SharpBlock.sln*'
    - '*SharpBlock.csproj*'
    - '*SharpBlock.exe*'
    - '*/SharpSploit/*'
    destination.domain:
    - '*SharpBlock.sln*'
    - '*SharpBlock.csproj*'
    - '*SharpBlock.exe*'
    - '*/SharpSploit/*'
    event.original:
    - '* --disable-bypass-amsi*'
    - '* --disable-bypass-cmdline*'
    - '* -d *Active Protection DLL for SylantStrike*'
    - '* --disable-bypass-etw*'
  condition: selection
fields:
- Image
- OriginalFileName
- CurrentDirectory
- ParentImage
- ParentCommandLine
- TargetFilename
- Signature
- signature
- ImageLoaded
- Company
- Description
- description
- CommandLine
- SourceImage
- TargetImage
- CallTrace
- TargetObject
- Details
- PipeName
- Consumer
- Destination
- Name
- Query
- NewName
- StartAddress
- StartModule
- StartFunction
- SourceHostname
- Device
- file_name
- file_path
- process
- original_file_name
- parent_process
- process_path
- service_path
- registry_path
- registry_value_data
- registry_value_name
- ContextInfo
- Payload
- ScriptBlockText
- ServerName
- TransportName
- NewProcessName
- ParentProcessName
- Application
- Product Name
- Threat Name
- Process Name
- Path
- ImagePath
- ServiceName
- ProcessPath
- AppName
- AppPath
- ModulePath
- registry.data.strings
- registry.path
- registry.value
- process.args
- process.command_line
- process.env_vars
- process.io.text
- process.executable
- process.name
- process.title
- pe.company
- pe.description
- pe.original_file_name
- pe.product
- os.full
- host.hostname
- file.fork_name
- file.name
- file.path
- file.target_path
- email.attachments.file.name
- email.subject
- dll.path
- device.model.name
- container.image.name
- container.name
- object
- url
- dest_url
- uri
- uri_query
- query
- url_domain
- uri_path
- domain
- QueryName
- QueryResults
- DestinationHostname
- DestinationIp
- http_referrer
- http_referrer_domain
- http_user_agent
- dest_nt_host
- sender
- recipient
- orig_recipient
- subject
- url.domain
- url.full
- url.original
- url.query
- user_agent.original
- network.application
- http.request.body.content
- http.request.referrer
- email.from.address
- dns.question.name
- destination.domain
- event.original
